
Microsoft Visual Studio Solution File, Format Version 12.00
# Visual Studio Version 17
VisualStudioVersion = 17.2.32526.322
MinimumVisualStudioVersion = 10.0.40219.1
Project("{FAE04EC0-301F-11D3-BF4B-00C04F79EFBC}") = "DragDropList", "DragDropList\DragDropList.csproj", "{F58A07C0-A3EB-491C-A74D-B662DEF8A7E7}"
EndProject
Global
	GlobalSection(SolutionConfigurationPlatforms) = preSolution
		Debug|Any CPU = Debug|Any CPU
		Release|Any CPU = Release|Any CPU
	EndGlobalSection
	GlobalSection(ProjectConfigurationPlatforms) = postSolution
		{F58A07C0-A3EB-491C-A74D-B662DEF8A7E7}.Debug|Any CPU.ActiveCfg = Debug|Any CPU
		{F58A07C0-A3EB-491C-A74D-B662DEF8A7E7}.Debug|Any CPU.Build.0 = Debug|Any CPU
		{F58A07C0-A3EB-491C-A74D-B662DEF8A7E7}.Release|Any CPU.ActiveCfg = Release|Any CPU
		{F58A07C0-A3EB-491C-A74D-B662DEF8A7E7}.Release|Any CPU.Build.0 = Release|Any CPU
	EndGlobalSection
	GlobalSection(SolutionProperties) = preSolution
		HideSolutionNode = FALSE
	EndGlobalSection
	GlobalSection(ExtensibilityGlobals) = postSolution
		SolutionGuid = {0B9C8585-3FDD-4B81-91CE-701745C0E7D7}
	EndGlobalSection
EndGlobal
